# This file is automatically @generated by Cargo.
# It is not intended for manual editing.
version = 4

[[package]]
name = "workengine-adapters-store"
version = "0.0.0"
dependencies = [
 "workengine-application",
 "workengine-domain",
]

[[package]]
name = "workengine-adapters-worker"
version = "0.0.0"
dependencies = [
 "workengine-application",
 "workengine-domain",
]

[[package]]
name = "workengine-adapters-workspace"
version = "0.0.0"
dependencies = [
 "workengine-application",
 "workengine-domain",
]

[[package]]
name = "workengine-application"
version = "0.0.0"
dependencies = [
 "workengine-domain",
]

[[package]]
name = "workengine-cli"
version = "0.0.0"
dependencies = [
 "workengine-adapters-store",
 "workengine-adapters-worker",
 "workengine-adapters-workspace",
 "workengine-application",
]

[[package]]
name = "workengine-domain"
version = "0.0.0"
